
Microsoft Visual Studio Solution File, Format Version 12.00
# Visual Studio Version 17
VisualStudioVersion = 17.0.32112.339
MinimumVisualStudioVersion = 10.0.40219.1
Project("{2150E333-8FDC-42A3-9474-1A3956D46DE8}") = ".solution", ".solution", "{8B12F098-F824-4695-9D35-9F1131D282DA}"
	ProjectSection(SolutionItems) = preProject
		.gitignore = .gitignore
		LICENSE = LICENSE
		README.md = README.md
	EndProjectSection
EndProject
Project("{9A19103F-16F7-4668-BE54-9A1E7A4F7556}") = "HungarianAlgorithm", "HungarianAlgorithm\HungarianAlgorithm.csproj", "{31514C11-14D4-417A-87AE-515B7114A2ED}"
EndProject
Project("{2150E333-8FDC-42A3-9474-1A3956D46DE8}") = ".tests", ".tests", "{1F04AA6F-4EA9-4D55-A9B4-7512A8679B16}"
EndProject
Project("{2150E333-8FDC-42A3-9474-1A3956D46DE8}") = ".github", ".github", "{02EA681E-C7D8-13C7-8484-4AC65E1B71E8}"
EndProject
Project("{2150E333-8FDC-42A3-9474-1A3956D46DE8}") = "workflows", "workflows", "{AEBAB346-B49A-427C-A768-F2488907B524}"
	ProjectSection(SolutionItems) = preProject
		.github\workflows\build-and-deploy.yml = .github\workflows\build-and-deploy.yml
	EndProjectSection
EndProject
Project("{FAE04EC0-301F-11D3-BF4B-00C04F79EFBC}") = "Tests.HungarianAlgorithm", ".tests\Tests.HungarianAlgorithm\Tests.HungarianAlgorithm.csproj", "{4A93EED3-E106-CCCC-0937-F28FC99ED7F7}"
EndProject
Global
	GlobalSection(SolutionConfigurationPlatforms) = preSolution
		Debug|Any CPU = Debug|Any CPU
		Release|Any CPU = Release|Any CPU
	EndGlobalSection
	GlobalSection(ProjectConfigurationPlatforms) = postSolution
		{31514C11-14D4-417A-87AE-515B7114A2ED}.Debug|Any CPU.ActiveCfg = Debug|Any CPU
		{31514C11-14D4-417A-87AE-515B7114A2ED}.Debug|Any CPU.Build.0 = Debug|Any CPU
		{31514C11-14D4-417A-87AE-515B7114A2ED}.Release|Any CPU.ActiveCfg = Release|Any CPU
		{31514C11-14D4-417A-87AE-515B7114A2ED}.Release|Any CPU.Build.0 = Release|Any CPU
		{4A93EED3-E106-CCCC-0937-F28FC99ED7F7}.Debug|Any CPU.ActiveCfg = Debug|Any CPU
		{4A93EED3-E106-CCCC-0937-F28FC99ED7F7}.Debug|Any CPU.Build.0 = Debug|Any CPU
		{4A93EED3-E106-CCCC-0937-F28FC99ED7F7}.Release|Any CPU.ActiveCfg = Release|Any CPU
		{4A93EED3-E106-CCCC-0937-F28FC99ED7F7}.Release|Any CPU.Build.0 = Release|Any CPU
	EndGlobalSection
	GlobalSection(SolutionProperties) = preSolution
		HideSolutionNode = FALSE
	EndGlobalSection
	GlobalSection(NestedProjects) = preSolution
		{AEBAB346-B49A-427C-A768-F2488907B524} = {02EA681E-C7D8-13C7-8484-4AC65E1B71E8}
		{4A93EED3-E106-CCCC-0937-F28FC99ED7F7} = {1F04AA6F-4EA9-4D55-A9B4-7512A8679B16}
	EndGlobalSection
	GlobalSection(ExtensibilityGlobals) = postSolution
		SolutionGuid = {AE2D6AB8-D826-4CFC-B657-AED904D04EDC}
	EndGlobalSection
EndGlobal
