
Microsoft Visual Studio Solution File, Format Version 12.00
# Visual Studio 2012
Project("{FAE04EC0-301F-11D3-BF4B-00C04F79EFBC}") = "HungarianAlgorithm", "HungarianAlgorithm\HungarianAlgorithm.csproj", "{AA3FDADF-0F57-48B5-AB3B-783D7D8DCB73}"
EndProject
Global
	GlobalSection(SolutionConfigurationPlatforms) = preSolution
		Debug|Any CPU = Debug|Any CPU
		Release|Any CPU = Release|Any CPU
	EndGlobalSection
	GlobalSection(ProjectConfigurationPlatforms) = postSolution
		{AA3FDADF-0F57-48B5-AB3B-783D7D8DCB73}.Debug|Any CPU.ActiveCfg = Debug|Any CPU
		{AA3FDADF-0F57-48B5-AB3B-783D7D8DCB73}.Debug|Any CPU.Build.0 = Debug|Any CPU
		{AA3FDADF-0F57-48B5-AB3B-783D7D8DCB73}.Release|Any CPU.ActiveCfg = Release|Any CPU
		{AA3FDADF-0F57-48B5-AB3B-783D7D8DCB73}.Release|Any CPU.Build.0 = Release|Any CPU
	EndGlobalSection
	GlobalSection(SolutionProperties) = preSolution
		HideSolutionNode = FALSE
	EndGlobalSection
EndGlobal
